
Microsoft Visual Studio Solution File, Format Version 12.00
# Visual Studio Version 16
VisualStudioVersion = 16.0.32901.82
MinimumVisualStudioVersion = 10.0.40219.1
Project("{FAE04EC0-301F-11D3-BF4B-00C04F79EFBC}") = "istanbul_Akademi_Api_Project", "istanbul_Akademi_Api_Project\istanbul_Akademi_Api_Project.csproj", "{5AA9574A-B527-4888-A52C-A80D1B72DE64}"
EndProject
Global
	GlobalSection(SolutionConfigurationPlatforms) = preSolution
		Debug|Any CPU = Debug|Any CPU
		Release|Any CPU = Release|Any CPU
	EndGlobalSection
	GlobalSection(ProjectConfigurationPlatforms) = postSolution
		{5AA9574A-B527-4888-A52C-A80D1B72DE64}.Debug|Any CPU.ActiveCfg = Debug|Any CPU
		{5AA9574A-B527-4888-A52C-A80D1B72DE64}.Debug|Any CPU.Build.0 = Debug|Any CPU
		{5AA9574A-B527-4888-A52C-A80D1B72DE64}.Release|Any CPU.ActiveCfg = Release|Any CPU
		{5AA9574A-B527-4888-A52C-A80D1B72DE64}.Release|Any CPU.Build.0 = Release|Any CPU
	EndGlobalSection
	GlobalSection(SolutionProperties) = preSolution
		HideSolutionNode = FALSE
	EndGlobalSection
	GlobalSection(ExtensibilityGlobals) = postSolution
		SolutionGuid = {5AE66A4A-7019-4C65-BFE6-334502331391}
	EndGlobalSection
EndGlobal
